
Microsoft Visual Studio Solution File, Format Version 12.00
# Visual Studio Version 17
VisualStudioVersion = 17.4.33213.308
MinimumVisualStudioVersion = 10.0.40219.1
Project("{FAE04EC0-301F-11D3-BF4B-00C04F79EFBC}") = "SalesWebMVC", "SalesWebMVC\SalesWebMVC.csproj", "{CAE80075-17E1-4649-803F-A742D61DCB71}"
EndProject
Global
	GlobalSection(SolutionConfigurationPlatforms) = preSolution
		Debug|Any CPU = Debug|Any CPU
		Release|Any CPU = Release|Any CPU
	EndGlobalSection
	GlobalSection(ProjectConfigurationPlatforms) = postSolution
		{CAE80075-17E1-4649-803F-A742D61DCB71}.Debug|Any CPU.ActiveCfg = Debug|Any CPU
		{CAE80075-17E1-4649-803F-A742D61DCB71}.Debug|Any CPU.Build.0 = Debug|Any CPU
		{CAE80075-17E1-4649-803F-A742D61DCB71}.Release|Any CPU.ActiveCfg = Release|Any CPU
		{CAE80075-17E1-4649-803F-A742D61DCB71}.Release|Any CPU.Build.0 = Release|Any CPU
	EndGlobalSection
	GlobalSection(SolutionProperties) = preSolution
		HideSolutionNode = FALSE
	EndGlobalSection
	GlobalSection(ExtensibilityGlobals) = postSolution
		SolutionGuid = {F8B48368-1543-4368-8DB6-C72F5AFCCF0F}
	EndGlobalSection
EndGlobal
